
Microsoft Visual Studio Solution File, Format Version 12.00
# Visual Studio Version 17
VisualStudioVersion = 17.7.34024.191
MinimumVisualStudioVersion = 10.0.40219.1
Project("{FAE04EC0-301F-11D3-BF4B-00C04F79EFBC}") = "Tärningsspel", "Tärningsspel\Tärningsspel.csproj", "{AB08B39A-4743-4FEE-B7CE-427AD3FC9FF3}"
EndProject
Global
	GlobalSection(SolutionConfigurationPlatforms) = preSolution
		Debug|Any CPU = Debug|Any CPU
		Release|Any CPU = Release|Any CPU
	EndGlobalSection
	GlobalSection(ProjectConfigurationPlatforms) = postSolution
		{AB08B39A-4743-4FEE-B7CE-427AD3FC9FF3}.Debug|Any CPU.ActiveCfg = Debug|Any CPU
		{AB08B39A-4743-4FEE-B7CE-427AD3FC9FF3}.Debug|Any CPU.Build.0 = Debug|Any CPU
		{AB08B39A-4743-4FEE-B7CE-427AD3FC9FF3}.Release|Any CPU.ActiveCfg = Release|Any CPU
		{AB08B39A-4743-4FEE-B7CE-427AD3FC9FF3}.Release|Any CPU.Build.0 = Release|Any CPU
	EndGlobalSection
	GlobalSection(SolutionProperties) = preSolution
		HideSolutionNode = FALSE
	EndGlobalSection
	GlobalSection(ExtensibilityGlobals) = postSolution
		SolutionGuid = {A3EF113F-0986-42F6-80D9-DEBEDA479446}
	EndGlobalSection
EndGlobal
