
Microsoft Visual Studio Solution File, Format Version 12.00
# Visual Studio Version 17
VisualStudioVersion = 17.7.34024.191
MinimumVisualStudioVersion = 10.0.40219.1
Project("{9A19103F-16F7-4668-BE54-9A1E7A4F7556}") = "Exercises v.35-2023", "Exercises v.35-2023\Exercises v.35-2023.csproj", "{18293654-0794-4A1E-8F2B-1A7C3A820DBD}"
EndProject
Project("{FAE04EC0-301F-11D3-BF4B-00C04F79EFBC}") = "Vehicle", "Vehicle\Vehicle.csproj", "{2AFCFA78-CA03-4F37-9BBE-0BBF8FCD6CFC}"
EndProject
Global
	GlobalSection(SolutionConfigurationPlatforms) = preSolution
		Debug|Any CPU = Debug|Any CPU
		Release|Any CPU = Release|Any CPU
	EndGlobalSection
	GlobalSection(ProjectConfigurationPlatforms) = postSolution
		{18293654-0794-4A1E-8F2B-1A7C3A820DBD}.Debug|Any CPU.ActiveCfg = Debug|Any CPU
		{18293654-0794-4A1E-8F2B-1A7C3A820DBD}.Debug|Any CPU.Build.0 = Debug|Any CPU
		{18293654-0794-4A1E-8F2B-1A7C3A820DBD}.Release|Any CPU.ActiveCfg = Release|Any CPU
		{18293654-0794-4A1E-8F2B-1A7C3A820DBD}.Release|Any CPU.Build.0 = Release|Any CPU
		{2AFCFA78-CA03-4F37-9BBE-0BBF8FCD6CFC}.Debug|Any CPU.ActiveCfg = Debug|Any CPU
		{2AFCFA78-CA03-4F37-9BBE-0BBF8FCD6CFC}.Debug|Any CPU.Build.0 = Debug|Any CPU
		{2AFCFA78-CA03-4F37-9BBE-0BBF8FCD6CFC}.Release|Any CPU.ActiveCfg = Release|Any CPU
		{2AFCFA78-CA03-4F37-9BBE-0BBF8FCD6CFC}.Release|Any CPU.Build.0 = Release|Any CPU
	EndGlobalSection
	GlobalSection(SolutionProperties) = preSolution
		HideSolutionNode = FALSE
	EndGlobalSection
	GlobalSection(ExtensibilityGlobals) = postSolution
		SolutionGuid = {F2C518F2-3809-4DBC-8B09-F9297915CBB7}
	EndGlobalSection
EndGlobal
